// !$*UTF8*$!
{
	archiveVersion = 1;
	classes = {
	};
	objectVersion = 56;
	objects = {

/* Begin PBXBuildFile section */
		1411A6992979914100FE7EC9 /* AppDelegate.swift in Sources */ = {isa = PBXBuildFile; fileRef = 1411A6982979914100FE7EC9 /* AppDelegate.swift */; };
		1411A69B2979914100FE7EC9 /* SceneDelegate.swift in Sources */ = {isa = PBXBuildFile; fileRef = 1411A69A2979914100FE7EC9 /* SceneDelegate.swift */; };
		1411A69D2979914100FE7EC9 /* ViewController.swift in Sources */ = {isa = PBXBuildFile; fileRef = 1411A69C2979914100FE7EC9 /* ViewController.swift */; };
		1411A6A02979914100FE7EC9 /* Main.storyboard in Resources */ = {isa = PBXBuildFile; fileRef = 1411A69E2979914100FE7EC9 /* Main.storyboard */; };
		1411A6A22979914300FE7EC9 /* Assets.xcassets in Resources */ = {isa = PBXBuildFile; fileRef = 1411A6A12979914300FE7EC9 /* Assets.xcassets */; };
		1411A6A52979914300FE7EC9 /* LaunchScreen.storyboard in Resources */ = {isa = PBXBuildFile; fileRef = 1411A6A32979914300FE7EC9 /* LaunchScreen.storyboard */; };
		14559CDD299552D90022870E /* ViewControllerSettings.swift in Sources */ = {isa = PBXBuildFile; fileRef = 14559CDC299552D90022870E /* ViewControllerSettings.swift */; };
		14F1C98829A7B54B00F4DFF0 /* TitilliumWeb-Black.ttf in Resources */ = {isa = PBXBuildFile; fileRef = 14F1C97D29A7B54B00F4DFF0 /* TitilliumWeb-Black.ttf */; };
		14F1C98929A7B54B00F4DFF0 /* TitilliumWeb-Bold.ttf in Resources */ = {isa = PBXBuildFile; fileRef = 14F1C97E29A7B54B00F4DFF0 /* TitilliumWeb-Bold.ttf */; };
		14F1C98A29A7B54B00F4DFF0 /* TitilliumWeb-Regular.ttf in Resources */ = {isa = PBXBuildFile; fileRef = 14F1C97F29A7B54B00F4DFF0 /* TitilliumWeb-Regular.ttf */; };
		14F1C98B29A7B54B00F4DFF0 /* TitilliumWeb-SemiBold.ttf in Resources */ = {isa = PBXBuildFile; fileRef = 14F1C98029A7B54B00F4DFF0 /* TitilliumWeb-SemiBold.ttf */; };
		14F1C98C29A7B54B00F4DFF0 /* TitilliumWeb-ExtraLight.ttf in Resources */ = {isa = PBXBuildFile; fileRef = 14F1C98129A7B54B00F4DFF0 /* TitilliumWeb-ExtraLight.ttf */; };
		14F1C98D29A7B54B00F4DFF0 /* TitilliumWeb-BoldItalic.ttf in Resources */ = {isa = PBXBuildFile; fileRef = 14F1C98229A7B54B00F4DFF0 /* TitilliumWeb-BoldItalic.ttf */; };
		14F1C98E29A7B54B00F4DFF0 /* TitilliumWeb-ExtraLightItalic.ttf in Resources */ = {isa = PBXBuildFile; fileRef = 14F1C98329A7B54B00F4DFF0 /* TitilliumWeb-ExtraLightItalic.ttf */; };
		14F1C98F29A7B54B00F4DFF0 /* TitilliumWeb-SemiBoldItalic.ttf in Resources */ = {isa = PBXBuildFile; fileRef = 14F1C98429A7B54B00F4DFF0 /* TitilliumWeb-SemiBoldItalic.ttf */; };
		14F1C99029A7B54B00F4DFF0 /* TitilliumWeb-LightItalic.ttf in Resources */ = {isa = PBXBuildFile; fileRef = 14F1C98529A7B54B00F4DFF0 /* TitilliumWeb-LightItalic.ttf */; };
		14F1C99129A7B54B00F4DFF0 /* TitilliumWeb-Italic.ttf in Resources */ = {isa = PBXBuildFile; fileRef = 14F1C98629A7B54B00F4DFF0 /* TitilliumWeb-Italic.ttf */; };
		14F1C99229A7B54B00F4DFF0 /* TitilliumWeb-Light.ttf in Resources */ = {isa = PBXBuildFile; fileRef = 14F1C98729A7B54B00F4DFF0 /* TitilliumWeb-Light.ttf */; };
		14F1C99429A7B8D900F4DFF0 /* sounds in Resources */ = {isa = PBXBuildFile; fileRef = 14F1C99329A7B8D900F4DFF0 /* sounds */; };
/* End PBXBuildFile section */

/* Begin PBXFileReference section */
		1411A6952979914100FE7EC9 /* idm362-amd564.app */ = {isa = PBXFileReference; explicitFileType = wrapper.application; includeInIndex = 0; path = "idm362-amd564.app"; sourceTree = BUILT_PRODUCTS_DIR; };
		1411A6982979914100FE7EC9 /* AppDelegate.swift */ = {isa = PBXFileReference; lastKnownFileType = sourcecode.swift; path = AppDelegate.swift; sourceTree = "<group>"; };
		1411A69A2979914100FE7EC9 /* SceneDelegate.swift */ = {isa = PBXFileReference; lastKnownFileType = sourcecode.swift; path = SceneDelegate.swift; sourceTree = "<group>"; };
		1411A69C2979914100FE7EC9 /* ViewController.swift */ = {isa = PBXFileReference; lastKnownFileType = sourcecode.swift; path = ViewController.swift; sourceTree = "<group>"; };
		1411A69F2979914100FE7EC9 /* Base */ = {isa = PBXFileReference; lastKnownFileType = file.storyboard; name = Base; path = Base.lproj/Main.storyboard; sourceTree = "<group>"; };
		1411A6A12979914300FE7EC9 /* Assets.xcassets */ = {isa = PBXFileReference; lastKnownFileType = folder.assetcatalog; path = Assets.xcassets; sourceTree = "<group>"; };
		1411A6A42979914300FE7EC9 /* Base */ = {isa = PBXFileReference; lastKnownFileType = file.storyboard; name = Base; path = Base.lproj/LaunchScreen.storyboard; sourceTree = "<group>"; };
		1411A6A62979914300FE7EC9 /* Info.plist */ = {isa = PBXFileReference; lastKnownFileType = text.plist.xml; path = Info.plist; sourceTree = "<group>"; };
		14559CDC299552D90022870E /* ViewControllerSettings.swift */ = {isa = PBXFileReference; lastKnownFileType = sourcecode.swift; path = ViewControllerSettings.swift; sourceTree = "<group>"; };
		14F1C97D29A7B54B00F4DFF0 /* TitilliumWeb-Black.ttf */ = {isa = PBXFileReference; lastKnownFileType = file; path = "TitilliumWeb-Black.ttf"; sourceTree = "<group>"; };
		14F1C97E29A7B54B00F4DFF0 /* TitilliumWeb-Bold.ttf */ = {isa = PBXFileReference; lastKnownFileType = file; path = "TitilliumWeb-Bold.ttf"; sourceTree = "<group>"; };
		14F1C97F29A7B54B00F4DFF0 /* TitilliumWeb-Regular.ttf */ = {isa = PBXFileReference; lastKnownFileType = file; path = "TitilliumWeb-Regular.ttf"; sourceTree = "<group>"; };
		14F1C98029A7B54B00F4DFF0 /* TitilliumWeb-SemiBold.ttf */ = {isa = PBXFileReference; lastKnownFileType = file; path = "TitilliumWeb-SemiBold.ttf"; sourceTree = "<group>"; };
		14F1C98129A7B54B00F4DFF0 /* TitilliumWeb-ExtraLight.ttf */ = {isa = PBXFileReference; lastKnownFileType = file; path = "TitilliumWeb-ExtraLight.ttf"; sourceTree = "<group>"; };
		14F1C98229A7B54B00F4DFF0 /* TitilliumWeb-BoldItalic.ttf */ = {isa = PBXFileReference; lastKnownFileType = file; path = "TitilliumWeb-BoldItalic.ttf"; sourceTree = "<group>"; };
		14F1C98329A7B54B00F4DFF0 /* TitilliumWeb-ExtraLightItalic.ttf */ = {isa = PBXFileReference; lastKnownFileType = file; path = "TitilliumWeb-ExtraLightItalic.ttf"; sourceTree = "<group>"; };
		14F1C98429A7B54B00F4DFF0 /* TitilliumWeb-SemiBoldItalic.ttf */ = {isa = PBXFileReference; lastKnownFileType = file; path = "TitilliumWeb-SemiBoldItalic.ttf"; sourceTree = "<group>"; };
		14F1C98529A7B54B00F4DFF0 /* TitilliumWeb-LightItalic.ttf */ = {isa = PBXFileReference; lastKnownFileType = file; path = "TitilliumWeb-LightItalic.ttf"; sourceTree = "<group>"; };
		14F1C98629A7B54B00F4DFF0 /* TitilliumWeb-Italic.ttf */ = {isa = PBXFileReference; lastKnownFileType = file; path = "TitilliumWeb-Italic.ttf"; sourceTree = "<group>"; };
		14F1C98729A7B54B00F4DFF0 /* TitilliumWeb-Light.ttf */ = {isa = PBXFileReference; lastKnownFileType = file; path = "TitilliumWeb-Light.ttf"; sourceTree = "<group>"; };
		14F1C99329A7B8D900F4DFF0 /* sounds */ = {isa = PBXFileReference; lastKnownFileType = folder; name = sounds; path = "idm362-amd564/sounds"; sourceTree = SOURCE_ROOT; };
/* End PBXFileReference section */

/* Begin PBXFrameworksBuildPhase section */
		1411A6922979914100FE7EC9 /* Frameworks */ = {
			isa = PBXFrameworksBuildPhase;
			buildActionMask = 2147483647;
			files = (
			);
			runOnlyForDeploymentPostprocessing = 0;
		};
/* End PBXFrameworksBuildPhase section */

/* Begin PBXGroup section */
		1411A68C2979914100FE7EC9 = {
			isa = PBXGroup;
			children = (
				1411A6972979914100FE7EC9 /* idm362-amd564 */,
				1411A6962979914100FE7EC9 /* Products */,
			);
			sourceTree = "<group>";
		};
		1411A6962979914100FE7EC9 /* Products */ = {
			isa = PBXGroup;
			children = (
				1411A6952979914100FE7EC9 /* idm362-amd564.app */,
			);
			name = Products;
			sourceTree = "<group>";
		};
		1411A6972979914100FE7EC9 /* idm362-amd564 */ = {
			isa = PBXGroup;
			children = (
				1411A6982979914100FE7EC9 /* AppDelegate.swift */,
				1411A69A2979914100FE7EC9 /* SceneDelegate.swift */,
				1411A69C2979914100FE7EC9 /* ViewController.swift */,
				1411A69E2979914100FE7EC9 /* Main.storyboard */,
				14559CDC299552D90022870E /* ViewControllerSettings.swift */,
				1411A6A12979914300FE7EC9 /* Assets.xcassets */,
				1411A6A32979914300FE7EC9 /* LaunchScreen.storyboard */,
				1411A6A62979914300FE7EC9 /* Info.plist */,
				14F1C99329A7B8D900F4DFF0 /* sounds */,
				14F1C97C29A7B54B00F4DFF0 /* fonts */,
			);
			path = "idm362-amd564";
			sourceTree = "<group>";
		};
		14F1C97C29A7B54B00F4DFF0 /* fonts */ = {
			isa = PBXGroup;
			children = (
				14F1C97D29A7B54B00F4DFF0 /* TitilliumWeb-Black.ttf */,
				14F1C97E29A7B54B00F4DFF0 /* TitilliumWeb-Bold.ttf */,
				14F1C97F29A7B54B00F4DFF0 /* TitilliumWeb-Regular.ttf */,
				14F1C98029A7B54B00F4DFF0 /* TitilliumWeb-SemiBold.ttf */,
				14F1C98129A7B54B00F4DFF0 /* TitilliumWeb-ExtraLight.ttf */,
				14F1C98229A7B54B00F4DFF0 /* TitilliumWeb-BoldItalic.ttf */,
				14F1C98329A7B54B00F4DFF0 /* TitilliumWeb-ExtraLightItalic.ttf */,
				14F1C98429A7B54B00F4DFF0 /* TitilliumWeb-SemiBoldItalic.ttf */,
				14F1C98529A7B54B00F4DFF0 /* TitilliumWeb-LightItalic.ttf */,
				14F1C98629A7B54B00F4DFF0 /* TitilliumWeb-Italic.ttf */,
				14F1C98729A7B54B00F4DFF0 /* TitilliumWeb-Light.ttf */,
			);
			path = fonts;
			sourceTree = "<group>";
		};
/* End PBXGroup section */

/* Begin PBXNativeTarget section */
		1411A6942979914100FE7EC9 /* idm362-amd564 */ = {
			isa = PBXNativeTarget;
			buildConfigurationList = 1411A6A92979914300FE7EC9 /* Build configuration list for PBXNativeTarget "idm362-amd564" */;
			buildPhases = (
				1411A6912979914100FE7EC9 /* Sources */,
				1411A6922979914100FE7EC9 /* Frameworks */,
				1411A6932979914100FE7EC9 /* Resources */,
			);
			buildRules = (
			);
			dependencies = (
			);
			name = "idm362-amd564";
			productName = "idm362-amd564";
			productReference = 1411A6952979914100FE7EC9 /* idm362-amd564.app */;
			productType = "com.apple.product-type.application";
		};
/* End PBXNativeTarget section */

/* Begin PBXProject section */
		1411A68D2979914100FE7EC9 /* Project object */ = {
			isa = PBXProject;
			attributes = {
				BuildIndependentTargetsInParallel = 1;
				LastSwiftUpdateCheck = 1420;
				LastUpgradeCheck = 1420;
				TargetAttributes = {
					1411A6942979914100FE7EC9 = {
						CreatedOnToolsVersion = 14.2;
					};
				};
			};
			buildConfigurationList = 1411A6902979914100FE7EC9 /* Build configuration list for PBXProject "idm362-amd564" */;
			compatibilityVersion = "Xcode 14.0";
			developmentRegion = en;
			hasScannedForEncodings = 0;
			knownRegions = (
				en,
				Base,
			);
			mainGroup = 1411A68C2979914100FE7EC9;
			productRefGroup = 1411A6962979914100FE7EC9 /* Products */;
			projectDirPath = "";
			projectRoot = "";
			targets = (
				1411A6942979914100FE7EC9 /* idm362-amd564 */,
			);
		};
/* End PBXProject section */

/* Begin PBXResourcesBuildPhase section */
		1411A6932979914100FE7EC9 /* Resources */ = {
			isa = PBXResourcesBuildPhase;
			buildActionMask = 2147483647;
			files = (
				14F1C98A29A7B54B00F4DFF0 /* TitilliumWeb-Regular.ttf in Resources */,
				14F1C98B29A7B54B00F4DFF0 /* TitilliumWeb-SemiBold.ttf in Resources */,
				14F1C98929A7B54B00F4DFF0 /* TitilliumWeb-Bold.ttf in Resources */,
				14F1C98C29A7B54B00F4DFF0 /* TitilliumWeb-ExtraLight.ttf in Resources */,
				1411A6A52979914300FE7EC9 /* LaunchScreen.storyboard in Resources */,
				14F1C99429A7B8D900F4DFF0 /* sounds in Resources */,
				14F1C98E29A7B54B00F4DFF0 /* TitilliumWeb-ExtraLightItalic.ttf in Resources */,
				1411A6A22979914300FE7EC9 /* Assets.xcassets in Resources */,
				14F1C99129A7B54B00F4DFF0 /* TitilliumWeb-Italic.ttf in Resources */,
				14F1C98F29A7B54B00F4DFF0 /* TitilliumWeb-SemiBoldItalic.ttf in Resources */,
				1411A6A02979914100FE7EC9 /* Main.storyboard in Resources */,
				14F1C99229A7B54B00F4DFF0 /* TitilliumWeb-Light.ttf in Resources */,
				14F1C98D29A7B54B00F4DFF0 /* TitilliumWeb-BoldItalic.ttf in Resources */,
				14F1C99029A7B54B00F4DFF0 /* TitilliumWeb-LightItalic.ttf in Resources */,
				14F1C98829A7B54B00F4DFF0 /* TitilliumWeb-Black.ttf in Resources */,
			);
			runOnlyForDeploymentPostprocessing = 0;
		};
/* End PBXResourcesBuildPhase section */

/* Begin PBXSourcesBuildPhase section */
		1411A6912979914100FE7EC9 /* Sources */ = {
			isa = PBXSourcesBuildPhase;
			buildActionMask = 2147483647;
			files = (
				1411A69D2979914100FE7EC9 /* ViewController.swift in Sources */,
				1411A6992979914100FE7EC9 /* AppDelegate.swift in Sources */,
				1411A69B2979914100FE7EC9 /* SceneDelegate.swift in Sources */,
				14559CDD299552D90022870E /* ViewControllerSettings.swift in Sources */,
			);
			runOnlyForDeploymentPostprocessing = 0;
		};
/* End PBXSourcesBuildPhase section */

/* Begin PBXVariantGroup section */
		1411A69E2979914100FE7EC9 /* Main.storyboard */ = {
			isa = PBXVariantGroup;
			children = (
				1411A69F2979914100FE7EC9 /* Base */,
			);
			name = Main.storyboard;
			sourceTree = "<group>";
		};
		1411A6A32979914300FE7EC9 /* LaunchScreen.storyboard */ = {
			isa = PBXVariantGroup;
			children = (
				1411A6A42979914300FE7EC9 /* Base */,
			);
			name = LaunchScreen.storyboard;
			sourceTree = "<group>";
		};
/* End PBXVariantGroup section */

/* Begin XCBuildConfiguration section */
		1411A6A72979914300FE7EC9 /* Debug */ = {
			isa = XCBuildConfiguration;
			buildSettings = {
				ALWAYS_SEARCH_USER_PATHS = NO;
				CLANG_ANALYZER_NONNULL = YES;
				CLANG_ANALYZER_NUMBER_OBJECT_CONVERSION = YES_AGGRESSIVE;
				CLANG_CXX_LANGUAGE_STANDARD = "gnu++20";
				CLANG_ENABLE_MODULES = YES;
				CLANG_ENABLE_OBJC_ARC = YES;
				CLANG_ENABLE_OBJC_WEAK = YES;
				CLANG_WARN_BLOCK_CAPTURE_AUTORELEASING = YES;
				CLANG_WARN_BOOL_CONVERSION = YES;
				CLANG_WARN_COMMA = YES;
				CLANG_WARN_CONSTANT_CONVERSION = YES;
				CLANG_WARN_DEPRECATED_OBJC_IMPLEMENTATIONS = YES;
				CLANG_WARN_DIRECT_OBJC_ISA_USAGE = YES_ERROR;
				CLANG_WARN_DOCUMENTATION_COMMENTS = YES;
				CLANG_WARN_EMPTY_BODY = YES;
				CLANG_WARN_ENUM_CONVERSION = YES;
				CLANG_WARN_INFINITE_RECURSION = YES;
				CLANG_WARN_INT_CONVERSION = YES;
				CLANG_WARN_NON_LITERAL_NULL_CONVERSION = YES;
				CLANG_WARN_OBJC_IMPLICIT_RETAIN_SELF = YES;
				CLANG_WARN_OBJC_LITERAL_CONVERSION = YES;
				CLANG_WARN_OBJC_ROOT_CLASS = YES_ERROR;
				CLANG_WARN_QUOTED_INCLUDE_IN_FRAMEWORK_HEADER = YES;
				CLANG_WARN_RANGE_LOOP_ANALYSIS = YES;
				CLANG_WARN_STRICT_PROTOTYPES = YES;
				CLANG_WARN_SUSPICIOUS_MOVE = YES;
				CLANG_WARN_UNGUARDED_AVAILABILITY = YES_AGGRESSIVE;
				CLANG_WARN_UNREACHABLE_CODE = YES;
				CLANG_WARN__DUPLICATE_METHOD_MATCH = YES;
				COPY_PHASE_STRIP = NO;
				DEBUG_INFORMATION_FORMAT = dwarf;
				ENABLE_STRICT_OBJC_MSGSEND = YES;
				ENABLE_TESTABILITY = YES;
				GCC_C_LANGUAGE_STANDARD = gnu11;
				GCC_DYNAMIC_NO_PIC = NO;
				GCC_NO_COMMON_BLOCKS = YES;
				GCC_OPTIMIZATION_LEVEL = 0;
				GCC_PREPROCESSOR_DEFINITIONS = (
					"DEBUG=1",
					"$(inherited)",
				);
				GCC_WARN_64_TO_32_BIT_CONVERSION = YES;
				GCC_WARN_ABOUT_RETURN_TYPE = YES_ERROR;
				GCC_WARN_UNDECLARED_SELECTOR = YES;
				GCC_WARN_UNINITIALIZED_AUTOS = YES_AGGRESSIVE;
				GCC_WARN_UNUSED_FUNCTION = YES;
				GCC_WARN_UNUSED_VARIABLE = YES;
				IPHONEOS_DEPLOYMENT_TARGET = 16.2;
				MTL_ENABLE_DEBUG_INFO = INCLUDE_SOURCE;
				MTL_FAST_MATH = YES;
				ONLY_ACTIVE_ARCH = YES;
				SDKROOT = iphoneos;
				SWIFT_ACTIVE_COMPILATION_CONDITIONS = DEBUG;
				SWIFT_OPTIMIZATION_LEVEL = "-Onone";
			};
			name = Debug;
		};
		1411A6A82979914300FE7EC9 /* Release */ = {
			isa = XCBuildConfiguration;
			buildSettings = {
				ALWAYS_SEARCH_USER_PATHS = NO;
				CLANG_ANALYZER_NONNULL = YES;
				CLANG_ANALYZER_NUMBER_OBJECT_CONVERSION = YES_AGGRESSIVE;
				CLANG_CXX_LANGUAGE_STANDARD = "gnu++20";
				CLANG_ENABLE_MODULES = YES;
				CLANG_ENABLE_OBJC_ARC = YES;
				CLANG_ENABLE_OBJC_WEAK = YES;
				CLANG_WARN_BLOCK_CAPTURE_AUTORELEASING = YES;
				CLANG_WARN_BOOL_CONVERSION = YES;
				CLANG_WARN_COMMA = YES;
				CLANG_WARN_CONSTANT_CONVERSION = YES;
				CLANG_WARN_DEPRECATED_OBJC_IMPLEMENTATIONS = YES;
				CLANG_WARN_DIRECT_OBJC_ISA_USAGE = YES_ERROR;
				CLANG_WARN_DOCUMENTATION_COMMENTS = YES;
				CLANG_WARN_EMPTY_BODY = YES;
				CLANG_WARN_ENUM_CONVERSION = YES;
				CLANG_WARN_INFINITE_RECURSION = YES;
				CLANG_WARN_INT_CONVERSION = YES;
				CLANG_WARN_NON_LITERAL_NULL_CONVERSION = YES;
				CLANG_WARN_OBJC_IMPLICIT_RETAIN_SELF = YES;
				CLANG_WARN_OBJC_LITERAL_CONVERSION = YES;
				CLANG_WARN_OBJC_ROOT_CLASS = YES_ERROR;
				CLANG_WARN_QUOTED_INCLUDE_IN_FRAMEWORK_HEADER = YES;
				CLANG_WARN_RANGE_LOOP_ANALYSIS = YES;
				CLANG_WARN_STRICT_PROTOTYPES = YES;
				CLANG_WARN_SUSPICIOUS_MOVE = YES;
				CLANG_WARN_UNGUARDED_AVAILABILITY = YES_AGGRESSIVE;
				CLANG_WARN_UNREACHABLE_CODE = YES;
				CLANG_WARN__DUPLICATE_METHOD_MATCH = YES;
				COPY_PHASE_STRIP = NO;
				DEBUG_INFORMATION_FORMAT = "dwarf-with-dsym";
				ENABLE_NS_ASSERTIONS = NO;
				ENABLE_STRICT_OBJC_MSGSEND = YES;
				GCC_C_LANGUAGE_STANDARD = gnu11;
				GCC_NO_COMMON_BLOCKS = YES;
				GCC_WARN_64_TO_32_BIT_CONVERSION = YES;
				GCC_WARN_ABOUT_RETURN_TYPE = YES_ERROR;
				GCC_WARN_UNDECLARED_SELECTOR = YES;
				GCC_WARN_UNINITIALIZED_AUTOS = YES_AGGRESSIVE;
				GCC_WARN_UNUSED_FUNCTION = YES;
				GCC_WARN_UNUSED_VARIABLE = YES;
				IPHONEOS_DEPLOYMENT_TARGET = 16.2;
				MTL_ENABLE_DEBUG_INFO = NO;
				MTL_FAST_MATH = YES;
				SDKROOT = iphoneos;
				SWIFT_COMPILATION_MODE = wholemodule;
				SWIFT_OPTIMIZATION_LEVEL = "-O";
				VALIDATE_PRODUCT = YES;
			};
			name = Release;
		};
		1411A6AA2979914300FE7EC9 /* Debug */ = {
			isa = XCBuildConfiguration;
			buildSettings = {
				ASSETCATALOG_COMPILER_APPICON_NAME = AppIcon;
				ASSETCATALOG_COMPILER_GLOBAL_ACCENT_COLOR_NAME = AccentColor;
				CODE_SIGN_STYLE = Automatic;
				CURRENT_PROJECT_VERSION = 1;
				GENERATE_INFOPLIST_FILE = YES;
				INFOPLIST_FILE = "idm362-amd564/Info.plist";
				INFOPLIST_KEY_UIApplicationSupportsIndirectInputEvents = YES;
				INFOPLIST_KEY_UILaunchStoryboardName = LaunchScreen;
				INFOPLIST_KEY_UIMainStoryboardFile = Main;
				INFOPLIST_KEY_UISupportedInterfaceOrientations_iPad = "UIInterfaceOrientationPortrait UIInterfaceOrientationPortraitUpsideDown UIInterfaceOrientationLandscapeLeft UIInterfaceOrientationLandscapeRight";
				INFOPLIST_KEY_UISupportedInterfaceOrientations_iPhone = "UIInterfaceOrientationPortrait UIInterfaceOrientationLandscapeLeft UIInterfaceOrientationLandscapeRight";
				LD_RUNPATH_SEARCH_PATHS = (
					"$(inherited)",
					"@executable_path/Frameworks",
				);
				MARKETING_VERSION = 1.0;
				PRODUCT_BUNDLE_IDENTIFIER = "com.allisondrakedesign.idm362-amd564";
				PRODUCT_NAME = "$(TARGET_NAME)";
				SWIFT_EMIT_LOC_STRINGS = YES;
				SWIFT_VERSION = 5.0;
				TARGETED_DEVICE_FAMILY = "1,2";
			};
			name = Debug;
		};
		1411A6AB2979914300FE7EC9 /* Release */ = {
			isa = XCBuildConfiguration;
			buildSettings = {
				ASSETCATALOG_COMPILER_APPICON_NAME = AppIcon;
				ASSETCATALOG_COMPILER_GLOBAL_ACCENT_COLOR_NAME = AccentColor;
				CODE_SIGN_STYLE = Automatic;
				CURRENT_PROJECT_VERSION = 1;
				GENERATE_INFOPLIST_FILE = YES;
				INFOPLIST_FILE = "idm362-amd564/Info.plist";
				INFOPLIST_KEY_UIApplicationSupportsIndirectInputEvents = YES;
				INFOPLIST_KEY_UILaunchStoryboardName = LaunchScreen;
				INFOPLIST_KEY_UIMainStoryboardFile = Main;
				INFOPLIST_KEY_UISupportedInterfaceOrientations_iPad = "UIInterfaceOrientationPortrait UIInterfaceOrientationPortraitUpsideDown UIInterfaceOrientationLandscapeLeft UIInterfaceOrientationLandscapeRight";
				INFOPLIST_KEY_UISupportedInterfaceOrientations_iPhone = "UIInterfaceOrientationPortrait UIInterfaceOrientationLandscapeLeft UIInterfaceOrientationLandscapeRight";
				LD_RUNPATH_SEARCH_PATHS = (
					"$(inherited)",
					"@executable_path/Frameworks",
				);
				MARKETING_VERSION = 1.0;
				PRODUCT_BUNDLE_IDENTIFIER = "com.allisondrakedesign.idm362-amd564";
				PRODUCT_NAME = "$(TARGET_NAME)";
				SWIFT_EMIT_LOC_STRINGS = YES;
				SWIFT_VERSION = 5.0;
				TARGETED_DEVICE_FAMILY = "1,2";
			};
			name = Release;
		};
/* End XCBuildConfiguration section */

/* Begin XCConfigurationList section */
		1411A6902979914100FE7EC9 /* Build configuration list for PBXProject "idm362-amd564" */ = {
			isa = XCConfigurationList;
			buildConfigurations = (
				1411A6A72979914300FE7EC9 /* Debug */,
				1411A6A82979914300FE7EC9 /* Release */,
			);
			defaultConfigurationIsVisible = 0;
			defaultConfigurationName = Release;
		};
		1411A6A92979914300FE7EC9 /* Build configuration list for PBXNativeTarget "idm362-amd564" */ = {
			isa = XCConfigurationList;
			buildConfigurations = (
				1411A6AA2979914300FE7EC9 /* Debug */,
				1411A6AB2979914300FE7EC9 /* Release */,
			);
			defaultConfigurationIsVisible = 0;
			defaultConfigurationName = Release;
		};
/* End XCConfigurationList section */
	};
	rootObject = 1411A68D2979914100FE7EC9 /* Project object */;
}
